{
  "nodes": {
    "flake1": {
      "inputs": {
        "nixpkgs": "nixpkgs"
      },
      "locked": {
        "lastModified": 1685523324,
        "narHash": "sha256-zmuvz5eB2U1wbIl3aedFCanBWlbPk9SuTiNIjLKyC5k=",
        "owner": "ehllie",
        "repo": "flake1",
        "rev": "ae32bbcb045e14a7b1b1a47f66792667def2a591",
        "type": "github"
      },
      "original": {
        "owner": "ehllie",
        "repo": "flake1",
        "type": "github"
      }
    },
    "flake2": {
      "inputs": {
        "nixpkgs": "nixpkgs_2"
      },
      "locked": {
        "lastModified": 1685523372,
        "narHash": "sha256-ZhwUBXCVrlUOYBxLwxlzClR2fKsa4kjU81VK2eOq6yY=",
        "owner": "ehllie",
        "repo": "flake2",
        "rev": "4a6fa8b314dd28b6eed026f4fe7ea5f901e7a52f",
        "type": "github"
      },
      "original": {
        "owner": "ehllie",
        "repo": "flake2",
        "type": "github"
      }
    },
    "flake3": {
      "inputs": {
        "flake1": "flake1",
        "flake2": "flake2"
      },
      "locked": {
        "lastModified": 1685523565,
        "narHash": "sha256-hSNGkhXBlDRlrqMjFs8Bc5RD69EI5fBxzacj0yoEMoE=",
        "owner": "ehllie",
        "repo": "flake3",
        "rev": "676dfab691ef9add30015065ceb318e027a14b95",
        "type": "github"
      },
      "original": {
        "owner": "ehllie",
        "repo": "flake3",
        "type": "github"
      }
    },
    "nixpkgs": {
      "locked": {
        "lastModified": 1685383865,
        "narHash": "sha256-3uQytfnotO6QJv3r04ajSXbEFMII0dUtw0uqYlZ4dbk=",
        "owner": "NixOS",
        "repo": "nixpkgs",
        "rev": "5e871d8aa6f57cc8e0dc087d1c5013f6e212b4ce",
        "type": "github"
      },
      "original": {
        "owner": "NixOS",
        "ref": "nixos-unstable",
        "repo": "nixpkgs",
        "type": "github"
      }
    },
    "nixpkgs_2": {
      "locked": {
        "lastModified": 1685399834,
        "narHash": "sha256-Lt7//5snriXSdJo5hlVcDkpERL1piiih0UXIz1RUcC4=",
        "owner": "NixOS",
        "repo": "nixpkgs",
        "rev": "58c85835512b0db938600b6fe13cc3e3dc4b364e",
        "type": "github"
      },
      "original": {
        "owner": "NixOS",
        "ref": "nixpkgs-unstable",
        "repo": "nixpkgs",
        "type": "github"
      }
    },
    "root": {
      "inputs": {
        "flake3": "flake3"
      }
    }
  },
  "root": "root",
  "version": 7
}
